
Microsoft Visual Studio Solution File, Format Version 12.00
# Visual Studio 2013
VisualStudioVersion = 12.0.40629.0
MinimumVisualStudioVersion = 10.0.40219.1
Project("{2150E333-8FDC-42A3-9474-1A3956D46DE8}") = "@Solution Items", "@Solution Items", "{EC1701D9-D349-4B12-BCAE-B0C7B66B5FAE}"
	ProjectSection(SolutionItems) = preProject
		build\GlobalAssemblyInfo.cs = build\GlobalAssemblyInfo.cs
		build\packager.msbuild = build\packager.msbuild
	EndProjectSection
EndProject
Project("{FAE04EC0-301F-11D3-BF4B-00C04F79EFBC}") = "Plainion.CI", "src\Plainion.CI\Plainion.CI.csproj", "{E81B5CDC-72D9-4DEB-AF55-9BA7409C7CBF}"
EndProject
Global
	GlobalSection(SolutionConfigurationPlatforms) = preSolution
		Debug|Any CPU = Debug|Any CPU
		Release|Any CPU = Release|Any CPU
	EndGlobalSection
	GlobalSection(ProjectConfigurationPlatforms) = postSolution
		{E81B5CDC-72D9-4DEB-AF55-9BA7409C7CBF}.Debug|Any CPU.ActiveCfg = Debug|Any CPU
		{E81B5CDC-72D9-4DEB-AF55-9BA7409C7CBF}.Debug|Any CPU.Build.0 = Debug|Any CPU
		{E81B5CDC-72D9-4DEB-AF55-9BA7409C7CBF}.Release|Any CPU.ActiveCfg = Release|Any CPU
		{E81B5CDC-72D9-4DEB-AF55-9BA7409C7CBF}.Release|Any CPU.Build.0 = Release|Any CPU
	EndGlobalSection
	GlobalSection(SolutionProperties) = preSolution
		HideSolutionNode = FALSE
	EndGlobalSection
EndGlobal
